
Microsoft Visual Studio Solution File, Format Version 12.00
# Visual Studio Version 16
VisualStudioVersion = 16.0.29920.165
MinimumVisualStudioVersion = 10.0.40219.1
Project("{9A19103F-16F7-4668-BE54-9A1E7A4F7556}") = "JeffopolyDeal", "src\backend\JeffopolyDeal.csproj", "{A1B2C3D4-E5F6-7890-ABCD-EF1234567890}"
EndProject
Project("{2150E333-8FDC-42A3-9474-1A3956D46DE8}") = "src", "src", "{827E0CD3-B72D-47B6-A68D-7590B98EB39B}"
EndProject
Project("{2150E333-8FDC-42A3-9474-1A3956D46DE8}") = "backend.Tests", "backend.Tests", "{FE1D2349-B04D-1469-CA14-BA0CA99FB22B}"
EndProject
Project("{FAE04EC0-301F-11D3-BF4B-00C04F79EFBC}") = "JeffopolyDeal.Tests", "src\backend.Tests\JeffopolyDeal.Tests.csproj", "{80F6471B-7BF6-460B-9B18-36BCD4FFB4BD}"
EndProject
Project("{2150E333-8FDC-42A3-9474-1A3956D46DE8}") = "backend", "backend", "{FE360695-3F2B-1049-3887-35FBB5135923}"
EndProject
Global
	GlobalSection(SolutionConfigurationPlatforms) = preSolution
		Debug|Any CPU = Debug|Any CPU
		Debug|x64 = Debug|x64
		Debug|x86 = Debug|x86
		Release|Any CPU = Release|Any CPU
		Release|x64 = Release|x64
		Release|x86 = Release|x86
	EndGlobalSection
	GlobalSection(ProjectConfigurationPlatforms) = postSolution
		{A1B2C3D4-E5F6-7890-ABCD-EF1234567890}.Debug|Any CPU.ActiveCfg = Debug|Any CPU
		{A1B2C3D4-E5F6-7890-ABCD-EF1234567890}.Debug|Any CPU.Build.0 = Debug|Any CPU
		{A1B2C3D4-E5F6-7890-ABCD-EF1234567890}.Debug|x64.ActiveCfg = Debug|Any CPU
		{A1B2C3D4-E5F6-7890-ABCD-EF1234567890}.Debug|x64.Build.0 = Debug|Any CPU
		{A1B2C3D4-E5F6-7890-ABCD-EF1234567890}.Debug|x86.ActiveCfg = Debug|Any CPU
		{A1B2C3D4-E5F6-7890-ABCD-EF1234567890}.Debug|x86.Build.0 = Debug|Any CPU
		{A1B2C3D4-E5F6-7890-ABCD-EF1234567890}.Release|Any CPU.ActiveCfg = Release|Any CPU
		{A1B2C3D4-E5F6-7890-ABCD-EF1234567890}.Release|Any CPU.Build.0 = Release|Any CPU
		{A1B2C3D4-E5F6-7890-ABCD-EF1234567890}.Release|x64.ActiveCfg = Release|Any CPU
		{A1B2C3D4-E5F6-7890-ABCD-EF1234567890}.Release|x64.Build.0 = Release|Any CPU
		{A1B2C3D4-E5F6-7890-ABCD-EF1234567890}.Release|x86.ActiveCfg = Release|Any CPU
		{A1B2C3D4-E5F6-7890-ABCD-EF1234567890}.Release|x86.Build.0 = Release|Any CPU
		{80F6471B-7BF6-460B-9B18-36BCD4FFB4BD}.Debug|Any CPU.ActiveCfg = Debug|Any CPU
		{80F6471B-7BF6-460B-9B18-36BCD4FFB4BD}.Debug|Any CPU.Build.0 = Debug|Any CPU
		{80F6471B-7BF6-460B-9B18-36BCD4FFB4BD}.Debug|x64.ActiveCfg = Debug|Any CPU
		{80F6471B-7BF6-460B-9B18-36BCD4FFB4BD}.Debug|x64.Build.0 = Debug|Any CPU
		{80F6471B-7BF6-460B-9B18-36BCD4FFB4BD}.Debug|x86.ActiveCfg = Debug|Any CPU
		{80F6471B-7BF6-460B-9B18-36BCD4FFB4BD}.Debug|x86.Build.0 = Debug|Any CPU
		{80F6471B-7BF6-460B-9B18-36BCD4FFB4BD}.Release|Any CPU.ActiveCfg = Release|Any CPU
		{80F6471B-7BF6-460B-9B18-36BCD4FFB4BD}.Release|Any CPU.Build.0 = Release|Any CPU
		{80F6471B-7BF6-460B-9B18-36BCD4FFB4BD}.Release|x64.ActiveCfg = Release|Any CPU
		{80F6471B-7BF6-460B-9B18-36BCD4FFB4BD}.Release|x64.Build.0 = Release|Any CPU
		{80F6471B-7BF6-460B-9B18-36BCD4FFB4BD}.Release|x86.ActiveCfg = Release|Any CPU
		{80F6471B-7BF6-460B-9B18-36BCD4FFB4BD}.Release|x86.Build.0 = Release|Any CPU
	EndGlobalSection
	GlobalSection(SolutionProperties) = preSolution
		HideSolutionNode = FALSE
	EndGlobalSection
	GlobalSection(NestedProjects) = preSolution
		{FE1D2349-B04D-1469-CA14-BA0CA99FB22B} = {827E0CD3-B72D-47B6-A68D-7590B98EB39B}
		{80F6471B-7BF6-460B-9B18-36BCD4FFB4BD} = {FE1D2349-B04D-1469-CA14-BA0CA99FB22B}
		{FE360695-3F2B-1049-3887-35FBB5135923} = {827E0CD3-B72D-47B6-A68D-7590B98EB39B}
	EndGlobalSection
EndGlobal
