
Microsoft Visual Studio Solution File, Format Version 12.00
# Visual Studio Version 16
VisualStudioVersion = 16.0.29920.165
MinimumVisualStudioVersion = 10.0.40219.1
Project("{2150E333-8FDC-42A3-9474-1A3956D46DE8}") = "src", "src", "{827E0CD3-B72D-47B6-A68D-7590B98EB39B}"
EndProject
Project("{FAE04EC0-301F-11D3-BF4B-00C04F79EFBC}") = "JeffopolyDeal.Shared", "src\JeffopolyDeal.Shared\JeffopolyDeal.Shared.csproj", "{EF7797C6-C3D3-415B-88B7-78423AB3FC06}"
EndProject
Project("{FAE04EC0-301F-11D3-BF4B-00C04F79EFBC}") = "JeffopolyDeal.Game", "src\JeffopolyDeal.Game\JeffopolyDeal.Game.csproj", "{A6DB28C7-9937-4A50-A9A4-69B5CA7B66A1}"
EndProject
Project("{2150E333-8FDC-42A3-9474-1A3956D46DE8}") = "tests", "tests", "{0AB3BF05-4346-4AA6-1389-037BE0695223}"
EndProject
Project("{FAE04EC0-301F-11D3-BF4B-00C04F79EFBC}") = "JeffopolyDeal.Game.Tests", "tests\JeffopolyDeal.Game.Tests\JeffopolyDeal.Game.Tests.csproj", "{D472C3EB-0B0C-4840-B773-DA9B618FD531}"
EndProject
Global
	GlobalSection(SolutionConfigurationPlatforms) = preSolution
		Debug|Any CPU = Debug|Any CPU
		Debug|x64 = Debug|x64
		Debug|x86 = Debug|x86
		Release|Any CPU = Release|Any CPU
		Release|x64 = Release|x64
		Release|x86 = Release|x86
	EndGlobalSection
	GlobalSection(ProjectConfigurationPlatforms) = postSolution
		{EF7797C6-C3D3-415B-88B7-78423AB3FC06}.Debug|Any CPU.ActiveCfg = Debug|Any CPU
		{EF7797C6-C3D3-415B-88B7-78423AB3FC06}.Debug|Any CPU.Build.0 = Debug|Any CPU
		{EF7797C6-C3D3-415B-88B7-78423AB3FC06}.Debug|x64.ActiveCfg = Debug|Any CPU
		{EF7797C6-C3D3-415B-88B7-78423AB3FC06}.Debug|x64.Build.0 = Debug|Any CPU
		{EF7797C6-C3D3-415B-88B7-78423AB3FC06}.Debug|x86.ActiveCfg = Debug|Any CPU
		{EF7797C6-C3D3-415B-88B7-78423AB3FC06}.Debug|x86.Build.0 = Debug|Any CPU
		{EF7797C6-C3D3-415B-88B7-78423AB3FC06}.Release|Any CPU.ActiveCfg = Release|Any CPU
		{EF7797C6-C3D3-415B-88B7-78423AB3FC06}.Release|Any CPU.Build.0 = Release|Any CPU
		{EF7797C6-C3D3-415B-88B7-78423AB3FC06}.Release|x64.ActiveCfg = Release|Any CPU
		{EF7797C6-C3D3-415B-88B7-78423AB3FC06}.Release|x64.Build.0 = Release|Any CPU
		{EF7797C6-C3D3-415B-88B7-78423AB3FC06}.Release|x86.ActiveCfg = Release|Any CPU
		{EF7797C6-C3D3-415B-88B7-78423AB3FC06}.Release|x86.Build.0 = Release|Any CPU
		{A6DB28C7-9937-4A50-A9A4-69B5CA7B66A1}.Debug|Any CPU.ActiveCfg = Debug|Any CPU
		{A6DB28C7-9937-4A50-A9A4-69B5CA7B66A1}.Debug|Any CPU.Build.0 = Debug|Any CPU
		{A6DB28C7-9937-4A50-A9A4-69B5CA7B66A1}.Debug|x64.ActiveCfg = Debug|Any CPU
		{A6DB28C7-9937-4A50-A9A4-69B5CA7B66A1}.Debug|x64.Build.0 = Debug|Any CPU
		{A6DB28C7-9937-4A50-A9A4-69B5CA7B66A1}.Debug|x86.ActiveCfg = Debug|Any CPU
		{A6DB28C7-9937-4A50-A9A4-69B5CA7B66A1}.Debug|x86.Build.0 = Debug|Any CPU
		{A6DB28C7-9937-4A50-A9A4-69B5CA7B66A1}.Release|Any CPU.ActiveCfg = Release|Any CPU
		{A6DB28C7-9937-4A50-A9A4-69B5CA7B66A1}.Release|Any CPU.Build.0 = Release|Any CPU
		{A6DB28C7-9937-4A50-A9A4-69B5CA7B66A1}.Release|x64.ActiveCfg = Release|Any CPU
		{A6DB28C7-9937-4A50-A9A4-69B5CA7B66A1}.Release|x64.Build.0 = Release|Any CPU
		{A6DB28C7-9937-4A50-A9A4-69B5CA7B66A1}.Release|x86.ActiveCfg = Release|Any CPU
		{A6DB28C7-9937-4A50-A9A4-69B5CA7B66A1}.Release|x86.Build.0 = Release|Any CPU
		{D472C3EB-0B0C-4840-B773-DA9B618FD531}.Debug|Any CPU.ActiveCfg = Debug|Any CPU
		{D472C3EB-0B0C-4840-B773-DA9B618FD531}.Debug|Any CPU.Build.0 = Debug|Any CPU
		{D472C3EB-0B0C-4840-B773-DA9B618FD531}.Debug|x64.ActiveCfg = Debug|Any CPU
		{D472C3EB-0B0C-4840-B773-DA9B618FD531}.Debug|x64.Build.0 = Debug|Any CPU
		{D472C3EB-0B0C-4840-B773-DA9B618FD531}.Debug|x86.ActiveCfg = Debug|Any CPU
		{D472C3EB-0B0C-4840-B773-DA9B618FD531}.Debug|x86.Build.0 = Debug|Any CPU
		{D472C3EB-0B0C-4840-B773-DA9B618FD531}.Release|Any CPU.ActiveCfg = Release|Any CPU
		{D472C3EB-0B0C-4840-B773-DA9B618FD531}.Release|Any CPU.Build.0 = Release|Any CPU
		{D472C3EB-0B0C-4840-B773-DA9B618FD531}.Release|x64.ActiveCfg = Release|Any CPU
		{D472C3EB-0B0C-4840-B773-DA9B618FD531}.Release|x64.Build.0 = Release|Any CPU
		{D472C3EB-0B0C-4840-B773-DA9B618FD531}.Release|x86.ActiveCfg = Release|Any CPU
		{D472C3EB-0B0C-4840-B773-DA9B618FD531}.Release|x86.Build.0 = Release|Any CPU
	EndGlobalSection
	GlobalSection(SolutionProperties) = preSolution
		HideSolutionNode = FALSE
	EndGlobalSection
	GlobalSection(NestedProjects) = preSolution
		{EF7797C6-C3D3-415B-88B7-78423AB3FC06} = {827E0CD3-B72D-47B6-A68D-7590B98EB39B}
		{A6DB28C7-9937-4A50-A9A4-69B5CA7B66A1} = {827E0CD3-B72D-47B6-A68D-7590B98EB39B}
		{D472C3EB-0B0C-4840-B773-DA9B618FD531} = {0AB3BF05-4346-4AA6-1389-037BE0695223}
	EndGlobalSection
EndGlobal
